
Microsoft Visual Studio Solution File, Format Version 12.00
# Visual Studio 2017
Project("{FAE04EC0-301F-11D3-BF4B-00C04F79EFBC}") = "UserRegistration", "UserRegistration.csproj", "{1CA15831-BF59-42EC-A1A4-86BC0920D19C}"
EndProject
Global
	GlobalSection(SolutionConfigurationPlatforms) = preSolution
		Debug|Any CPU = Debug|Any CPU
		Release|Any CPU = Release|Any CPU
	EndGlobalSection
	GlobalSection(ProjectConfigurationPlatforms) = postSolution
		{1CA15831-BF59-42EC-A1A4-86BC0920D19C}.Debug|Any CPU.ActiveCfg = Debug|Any CPU
		{1CA15831-BF59-42EC-A1A4-86BC0920D19C}.Debug|Any CPU.Build.0 = Debug|Any CPU
		{1CA15831-BF59-42EC-A1A4-86BC0920D19C}.Release|Any CPU.ActiveCfg = Release|Any CPU
		{1CA15831-BF59-42EC-A1A4-86BC0920D19C}.Release|Any CPU.Build.0 = Release|Any CPU
	EndGlobalSection
EndGlobal
